dependencies:
- name: mirrorbits
  repository: https://jenkins-infra.github.io/helm-charts
  version: 5.5.20
- name: httpd
  repository: https://jenkins-infra.github.io/helm-charts
  version: 1.4.5
digest: sha256:e734a64063460af37ca069655e3b1842d8b7f97f4fdaf80029eeef2b662093e2
generated: "2025-04-09T17:31:57.432561837Z"
