dependencies:
- name: mirrorbits
  repository: https://jenkins-infra.github.io/helm-charts
  version: 5.8.1
- name: httpd
  repository: https://jenkins-infra.github.io/helm-charts
  version: 1.4.7
digest: sha256:8778dc45cd0a5348ffdb7ef8cfa1daa4ebe256548ce354df93fa441171a0f8c9
generated: "2025-08-08T15:59:41.166677769Z"
