dependencies:
- name: mirrorbits
  repository: https://jenkins-infra.github.io/helm-charts
  version: 5.1.3
- name: httpd
  repository: https://jenkins-infra.github.io/helm-charts
  version: 1.0.0
- name: rsyncd
  repository: https://jenkins-infra.github.io/helm-charts
  version: 1.4.45
digest: sha256:4d71b6d23e71f88c7da3c7970439bd4dc95841dadd236bd8a915f0ec9eebdb06
generated: "2024-08-22T08:47:16.255466346Z"
